
Microsoft Visual Studio Solution File, Format Version 12.00
# Visual Studio Version 17
VisualStudioVersion = 17.11.35222.181
MinimumVisualStudioVersion = 10.0.40219.1
Project("{FAE04EC0-301F-11D3-BF4B-00C04F79EFBC}") = "WebApplication1", "WebApplication1\WebApplication1.csproj", "{7DACED11-0C19-4E05-A945-AE62C0802ED6}"
EndProject
Global
	GlobalSection(SolutionConfigurationPlatforms) = preSolution
		Debug|Any CPU = Debug|Any CPU
		Release|Any CPU = Release|Any CPU
	EndGlobalSection
	GlobalSection(ProjectConfigurationPlatforms) = postSolution
		{7DACED11-0C19-4E05-A945-AE62C0802ED6}.Debug|Any CPU.ActiveCfg = Debug|Any CPU
		{7DACED11-0C19-4E05-A945-AE62C0802ED6}.Debug|Any CPU.Build.0 = Debug|Any CPU
		{7DACED11-0C19-4E05-A945-AE62C0802ED6}.Release|Any CPU.ActiveCfg = Release|Any CPU
		{7DACED11-0C19-4E05-A945-AE62C0802ED6}.Release|Any CPU.Build.0 = Release|Any CPU
	EndGlobalSection
	GlobalSection(SolutionProperties) = preSolution
		HideSolutionNode = FALSE
	EndGlobalSection
	GlobalSection(ExtensibilityGlobals) = postSolution
		SolutionGuid = {191FA604-2188-4EA5-AB9F-CE0ACA7B7A83}
	EndGlobalSection
EndGlobal
